// !$*UTF8*$!
{
	archiveVersion = 1;
	classes = {
	};
	objectVersion = 50;
	objects = {

/* Begin PBXBuildFile section */
		F9FC4F4E2375CB5600123FF3 /* AppDelegate.swift in Sources */ = {isa = PBXBuildFile; fileRef = F9FC4F4D2375CB5600123FF3 /* AppDelegate.swift */; };
		F9FC4F502375CB5600123FF3 /* SceneDelegate.swift in Sources */ = {isa = PBXBuildFile; fileRef = F9FC4F4F2375CB5600123FF3 /* SceneDelegate.swift */; };
		F9FC4F522375CB5600123FF3 /* ViewController.swift in Sources */ = {isa = PBXBuildFile; fileRef = F9FC4F512375CB5600123FF3 /* ViewController.swift */; };
		F9FC4F552375CB5600123FF3 /* Main.storyboard in Resources */ = {isa = PBXBuildFile; fileRef = F9FC4F532375CB5600123FF3 /* Main.storyboard */; };
		F9FC4F572375CB5600123FF3 /* Assets.xcassets in Resources */ = {isa = PBXBuildFile; fileRef = F9FC4F562375CB5600123FF3 /* Assets.xcassets */; };
		F9FC4F5A2375CB5600123FF3 /* LaunchScreen.storyboard in Resources */ = {isa = PBXBuildFile; fileRef = F9FC4F582375CB5600123FF3 /* LaunchScreen.storyboard */; };
		F9FC4F622376591100123FF3 /* DsyItemView.swift in Sources */ = {isa = PBXBuildFile; fileRef = F9FC4F612376591100123FF3 /* DsyItemView.swift */; };
/* End PBXBuildFile section */

/* Begin PBXFileReference section */
		F9FC4F4A2375CB5600123FF3 /* TEstBtn.app */ = {isa = PBXFileReference; explicitFileType = wrapper.application; includeInIndex = 0; path = TEstBtn.app; sourceTree = BUILT_PRODUCTS_DIR; };
		F9FC4F4D2375CB5600123FF3 /* AppDelegate.swift */ = {isa = PBXFileReference; lastKnownFileType = sourcecode.swift; path = AppDelegate.swift; sourceTree = "<group>"; };
		F9FC4F4F2375CB5600123FF3 /* SceneDelegate.swift */ = {isa = PBXFileReference; lastKnownFileType = sourcecode.swift; path = SceneDelegate.swift; sourceTree = "<group>"; };
		F9FC4F512375CB5600123FF3 /* ViewController.swift */ = {isa = PBXFileReference; lastKnownFileType = sourcecode.swift; path = ViewController.swift; sourceTree = "<group>"; };
		F9FC4F542375CB5600123FF3 /* Base */ = {isa = PBXFileReference; lastKnownFileType = file.storyboard; name = Base; path = Base.lproj/Main.storyboard; sourceTree = "<group>"; };
		F9FC4F562375CB5600123FF3 /* Assets.xcassets */ = {isa = PBXFileReference; lastKnownFileType = folder.assetcatalog; path = Assets.xcassets; sourceTree = "<group>"; };
		F9FC4F592375CB5600123FF3 /* Base */ = {isa = PBXFileReference; lastKnownFileType = file.storyboard; name = Base; path = Base.lproj/LaunchScreen.storyboard; sourceTree = "<group>"; };
		F9FC4F5B2375CB5600123FF3 /* Info.plist */ = {isa = PBXFileReference; lastKnownFileType = text.plist.xml; path = Info.plist; sourceTree = "<group>"; };
		F9FC4F612376591100123FF3 /* DsyItemView.swift */ = {isa = PBXFileReference; lastKnownFileType = sourcecode.swift; path = DsyItemView.swift; sourceTree = "<group>"; };
/* End PBXFileReference section */

/* Begin PBXFrameworksBuildPhase section */
		F9FC4F472375CB5600123FF3 /* Frameworks */ = {
			isa = PBXFrameworksBuildPhase;
			buildActionMask = 2147483647;
			files = (
			);
			runOnlyForDeploymentPostprocessing = 0;
		};
/* End PBXFrameworksBuildPhase section */

/* Begin PBXGroup section */
		F9FC4F412375CB5600123FF3 = {
			isa = PBXGroup;
			children = (
				F9FC4F4C2375CB5600123FF3 /* TEstBtn */,
				F9FC4F4B2375CB5600123FF3 /* Products */,
			);
			sourceTree = "<group>";
		};
		F9FC4F4B2375CB5600123FF3 /* Products */ = {
			isa = PBXGroup;
			children = (
				F9FC4F4A2375CB5600123FF3 /* TEstBtn.app */,
			);
			name = Products;
			sourceTree = "<group>";
		};
		F9FC4F4C2375CB5600123FF3 /* TEstBtn */ = {
			isa = PBXGroup;
			children = (
				F9FC4F4D2375CB5600123FF3 /* AppDelegate.swift */,
				F9FC4F4F2375CB5600123FF3 /* SceneDelegate.swift */,
				F9FC4F512375CB5600123FF3 /* ViewController.swift */,
				F9FC4F612376591100123FF3 /* DsyItemView.swift */,
				F9FC4F532375CB5600123FF3 /* Main.storyboard */,
				F9FC4F562375CB5600123FF3 /* Assets.xcassets */,
				F9FC4F582375CB5600123FF3 /* LaunchScreen.storyboard */,
				F9FC4F5B2375CB5600123FF3 /* Info.plist */,
			);
			path = TEstBtn;
			sourceTree = "<group>";
		};
/* End PBXGroup section */

/* Begin PBXNativeTarget section */
		F9FC4F492375CB5600123FF3 /* TEstBtn */ = {
			isa = PBXNativeTarget;
			buildConfigurationList = F9FC4F5E2375CB5600123FF3 /* Build configuration list for PBXNativeTarget "TEstBtn" */;
			buildPhases = (
				F9FC4F462375CB5600123FF3 /* Sources */,
				F9FC4F472375CB5600123FF3 /* Frameworks */,
				F9FC4F482375CB5600123FF3 /* Resources */,
			);
			buildRules = (
			);
			dependencies = (
			);
			name = TEstBtn;
			productName = TEstBtn;
			productReference = F9FC4F4A2375CB5600123FF3 /* TEstBtn.app */;
			productType = "com.apple.product-type.application";
		};
/* End PBXNativeTarget section */

/* Begin PBXProject section */
		F9FC4F422375CB5600123FF3 /* Project object */ = {
			isa = PBXProject;
			attributes = {
				LastSwiftUpdateCheck = 1120;
				LastUpgradeCheck = 1120;
				ORGANIZATIONNAME = "楊健麟";
				TargetAttributes = {
					F9FC4F492375CB5600123FF3 = {
						CreatedOnToolsVersion = 11.2;
					};
				};
			};
			buildConfigurationList = F9FC4F452375CB5600123FF3 /* Build configuration list for PBXProject "TEstBtn" */;
			compatibilityVersion = "Xcode 9.3";
			developmentRegion = en;
			hasScannedForEncodings = 0;
			knownRegions = (
				en,
				Base,
			);
			mainGroup = F9FC4F412375CB5600123FF3;
			productRefGroup = F9FC4F4B2375CB5600123FF3 /* Products */;
			projectDirPath = "";
			projectRoot = "";
			targets = (
				F9FC4F492375CB5600123FF3 /* TEstBtn */,
			);
		};
/* End PBXProject section */

/* Begin PBXResourcesBuildPhase section */
		F9FC4F482375CB5600123FF3 /* Resources */ = {
			isa = PBXResourcesBuildPhase;
			buildActionMask = 2147483647;
			files = (
				F9FC4F5A2375CB5600123FF3 /* LaunchScreen.storyboard in Resources */,
				F9FC4F572375CB5600123FF3 /* Assets.xcassets in Resources */,
				F9FC4F552375CB5600123FF3 /* Main.storyboard in Resources */,
			);
			runOnlyForDeploymentPostprocessing = 0;
		};
/* End PBXResourcesBuildPhase section */

/* Begin PBXSourcesBuildPhase section */
		F9FC4F462375CB5600123FF3 /* Sources */ = {
			isa = PBXSourcesBuildPhase;
			buildActionMask = 2147483647;
			files = (
				F9FC4F522375CB5600123FF3 /* ViewController.swift in Sources */,
				F9FC4F4E2375CB5600123FF3 /* AppDelegate.swift in Sources */,
				F9FC4F622376591100123FF3 /* DsyItemView.swift in Sources */,
				F9FC4F502375CB5600123FF3 /* SceneDelegate.swift in Sources */,
			);
			runOnlyForDeploymentPostprocessing = 0;
		};
/* End PBXSourcesBuildPhase section */

/* Begin PBXVariantGroup section */
		F9FC4F532375CB5600123FF3 /* Main.storyboard */ = {
			isa = PBXVariantGroup;
			children = (
				F9FC4F542375CB5600123FF3 /* Base */,
			);
			name = Main.storyboard;
			sourceTree = "<group>";
		};
		F9FC4F582375CB5600123FF3 /* LaunchScreen.storyboard */ = {
			isa = PBXVariantGroup;
			children = (
				F9FC4F592375CB5600123FF3 /* Base */,
			);
			name = LaunchScreen.storyboard;
			sourceTree = "<group>";
		};
/* End PBXVariantGroup section */

/* Begin XCBuildConfiguration section */
		F9FC4F5C2375CB5600123FF3 /* Debug */ = {
			isa = XCBuildConfiguration;
			buildSettings = {
				ALWAYS_SEARCH_USER_PATHS = NO;
				CLANG_ANALYZER_NONNULL = YES;
				CLANG_ANALYZER_NUMBER_OBJECT_CONVERSION = YES_AGGRESSIVE;
				CLANG_CXX_LANGUAGE_STANDARD = "gnu++14";
				CLANG_CXX_LIBRARY = "libc++";
				CLANG_ENABLE_MODULES = YES;
				CLANG_ENABLE_OBJC_ARC = YES;
				CLANG_ENABLE_OBJC_WEAK = YES;
				CLANG_WARN_BLOCK_CAPTURE_AUTORELEASING = YES;
				CLANG_WARN_BOOL_CONVERSION = YES;
				CLANG_WARN_COMMA = YES;
				CLANG_WARN_CONSTANT_CONVERSION = YES;
				CLANG_WARN_DEPRECATED_OBJC_IMPLEMENTATIONS = YES;
				CLANG_WARN_DIRECT_OBJC_ISA_USAGE = YES_ERROR;
				CLANG_WARN_DOCUMENTATION_COMMENTS = YES;
				CLANG_WARN_EMPTY_BODY = YES;
				CLANG_WARN_ENUM_CONVERSION = YES;
				CLANG_WARN_INFINITE_RECURSION = YES;
				CLANG_WARN_INT_CONVERSION = YES;
				CLANG_WARN_NON_LITERAL_NULL_CONVERSION = YES;
				CLANG_WARN_OBJC_IMPLICIT_RETAIN_SELF = YES;
				CLANG_WARN_OBJC_LITERAL_CONVERSION = YES;
				CLANG_WARN_OBJC_ROOT_CLASS = YES_ERROR;
				CLANG_WARN_RANGE_LOOP_ANALYSIS = YES;
				CLANG_WARN_STRICT_PROTOTYPES = YES;
				CLANG_WARN_SUSPICIOUS_MOVE = YES;
				CLANG_WARN_UNGUARDED_AVAILABILITY = YES_AGGRESSIVE;
				CLANG_WARN_UNREACHABLE_CODE = YES;
				CLANG_WARN__DUPLICATE_METHOD_MATCH = YES;
				COPY_PHASE_STRIP = NO;
				DEBUG_INFORMATION_FORMAT = dwarf;
				ENABLE_STRICT_OBJC_MSGSEND = YES;
				ENABLE_TESTABILITY = YES;
				GCC_C_LANGUAGE_STANDARD = gnu11;
				GCC_DYNAMIC_NO_PIC = NO;
				GCC_NO_COMMON_BLOCKS = YES;
				GCC_OPTIMIZATION_LEVEL = 0;
				GCC_PREPROCESSOR_DEFINITIONS = (
					"DEBUG=1",
					"$(inherited)",
				);
				GCC_WARN_64_TO_32_BIT_CONVERSION = YES;
				GCC_WARN_ABOUT_RETURN_TYPE = YES_ERROR;
				GCC_WARN_UNDECLARED_SELECTOR = YES;
				GCC_WARN_UNINITIALIZED_AUTOS = YES_AGGRESSIVE;
				GCC_WARN_UNUSED_FUNCTION = YES;
				GCC_WARN_UNUSED_VARIABLE = YES;
				IPHONEOS_DEPLOYMENT_TARGET = 13.2;
				MTL_ENABLE_DEBUG_INFO = INCLUDE_SOURCE;
				MTL_FAST_MATH = YES;
				ONLY_ACTIVE_ARCH = YES;
				SDKROOT = iphoneos;
				SWIFT_ACTIVE_COMPILATION_CONDITIONS = DEBUG;
				SWIFT_OPTIMIZATION_LEVEL = "-Onone";
			};
			name = Debug;
		};
		F9FC4F5D2375CB5600123FF3 /* Release */ = {
			isa = XCBuildConfiguration;
			buildSettings = {
				ALWAYS_SEARCH_USER_PATHS = NO;
				CLANG_ANALYZER_NONNULL = YES;
				CLANG_ANALYZER_NUMBER_OBJECT_CONVERSION = YES_AGGRESSIVE;
				CLANG_CXX_LANGUAGE_STANDARD = "gnu++14";
				CLANG_CXX_LIBRARY = "libc++";
				CLANG_ENABLE_MODULES = YES;
				CLANG_ENABLE_OBJC_ARC = YES;
				CLANG_ENABLE_OBJC_WEAK = YES;
				CLANG_WARN_BLOCK_CAPTURE_AUTORELEASING = YES;
				CLANG_WARN_BOOL_CONVERSION = YES;
				CLANG_WARN_COMMA = YES;
				CLANG_WARN_CONSTANT_CONVERSION = YES;
				CLANG_WARN_DEPRECATED_OBJC_IMPLEMENTATIONS = YES;
				CLANG_WARN_DIRECT_OBJC_ISA_USAGE = YES_ERROR;
				CLANG_WARN_DOCUMENTATION_COMMENTS = YES;
				CLANG_WARN_EMPTY_BODY = YES;
				CLANG_WARN_ENUM_CONVERSION = YES;
				CLANG_WARN_INFINITE_RECURSION = YES;
				CLANG_WARN_INT_CONVERSION = YES;
				CLANG_WARN_NON_LITERAL_NULL_CONVERSION = YES;
				CLANG_WARN_OBJC_IMPLICIT_RETAIN_SELF = YES;
				CLANG_WARN_OBJC_LITERAL_CONVERSION = YES;
				CLANG_WARN_OBJC_ROOT_CLASS = YES_ERROR;
				CLANG_WARN_RANGE_LOOP_ANALYSIS = YES;
				CLANG_WARN_STRICT_PROTOTYPES = YES;
				CLANG_WARN_SUSPICIOUS_MOVE = YES;
				CLANG_WARN_UNGUARDED_AVAILABILITY = YES_AGGRESSIVE;
				CLANG_WARN_UNREACHABLE_CODE = YES;
				CLANG_WARN__DUPLICATE_METHOD_MATCH = YES;
				COPY_PHASE_STRIP = NO;
				DEBUG_INFORMATION_FORMAT = "dwarf-with-dsym";
				ENABLE_NS_ASSERTIONS = NO;
				ENABLE_STRICT_OBJC_MSGSEND = YES;
				GCC_C_LANGUAGE_STANDARD = gnu11;
				GCC_NO_COMMON_BLOCKS = YES;
				GCC_WARN_64_TO_32_BIT_CONVERSION = YES;
				GCC_WARN_ABOUT_RETURN_TYPE = YES_ERROR;
				GCC_WARN_UNDECLARED_SELECTOR = YES;
				GCC_WARN_UNINITIALIZED_AUTOS = YES_AGGRESSIVE;
				GCC_WARN_UNUSED_FUNCTION = YES;
				GCC_WARN_UNUSED_VARIABLE = YES;
				IPHONEOS_DEPLOYMENT_TARGET = 13.2;
				MTL_ENABLE_DEBUG_INFO = NO;
				MTL_FAST_MATH = YES;
				SDKROOT = iphoneos;
				SWIFT_COMPILATION_MODE = wholemodule;
				SWIFT_OPTIMIZATION_LEVEL = "-O";
				VALIDATE_PRODUCT = YES;
			};
			name = Release;
		};
		F9FC4F5F2375CB5600123FF3 /* Debug */ = {
			isa = XCBuildConfiguration;
			buildSettings = {
				ASSETCATALOG_COMPILER_APPICON_NAME = AppIcon;
				CODE_SIGN_IDENTITY = "iPhone Developer";
				CODE_SIGN_STYLE = Manual;
				DEVELOPMENT_TEAM = QP9VZR24AL;
				INFOPLIST_FILE = TEstBtn/Info.plist;
				LD_RUNPATH_SEARCH_PATHS = (
					"$(inherited)",
					"@executable_path/Frameworks",
				);
				PRODUCT_BUNDLE_IDENTIFIER = com.TrollpoeMarvin.dev.TEstBtn;
				PRODUCT_NAME = "$(TARGET_NAME)";
				PROVISIONING_PROFILE_SPECIFIER = "Wildcard-DEV";
				SWIFT_VERSION = 5.0;
				TARGETED_DEVICE_FAMILY = "1,2";
			};
			name = Debug;
		};
		F9FC4F602375CB5600123FF3 /* Release */ = {
			isa = XCBuildConfiguration;
			buildSettings = {
				ASSETCATALOG_COMPILER_APPICON_NAME = AppIcon;
				CODE_SIGN_IDENTITY = "iPhone Developer";
				CODE_SIGN_STYLE = Manual;
				DEVELOPMENT_TEAM = QP9VZR24AL;
				INFOPLIST_FILE = TEstBtn/Info.plist;
				LD_RUNPATH_SEARCH_PATHS = (
					"$(inherited)",
					"@executable_path/Frameworks",
				);
				PRODUCT_BUNDLE_IDENTIFIER = com.TrollpoeMarvin.dev.TEstBtn;
				PRODUCT_NAME = "$(TARGET_NAME)";
				PROVISIONING_PROFILE_SPECIFIER = "Wildcard-DEV";
				SWIFT_VERSION = 5.0;
				TARGETED_DEVICE_FAMILY = "1,2";
			};
			name = Release;
		};
/* End XCBuildConfiguration section */

/* Begin XCConfigurationList section */
		F9FC4F452375CB5600123FF3 /* Build configuration list for PBXProject "TEstBtn" */ = {
			isa = XCConfigurationList;
			buildConfigurations = (
				F9FC4F5C2375CB5600123FF3 /* Debug */,
				F9FC4F5D2375CB5600123FF3 /* Release */,
			);
			defaultConfigurationIsVisible = 0;
			defaultConfigurationName = Release;
		};
		F9FC4F5E2375CB5600123FF3 /* Build configuration list for PBXNativeTarget "TEstBtn" */ = {
			isa = XCConfigurationList;
			buildConfigurations = (
				F9FC4F5F2375CB5600123FF3 /* Debug */,
				F9FC4F602375CB5600123FF3 /* Release */,
			);
			defaultConfigurationIsVisible = 0;
			defaultConfigurationName = Release;
		};
/* End XCConfigurationList section */
	};
	rootObject = F9FC4F422375CB5600123FF3 /* Project object */;
}
